
Microsoft Visual Studio Solution File, Format Version 12.00
# Visual Studio Version 16
VisualStudioVersion = 25.0.1703.5
MinimumVisualStudioVersion = 10.0.40219.1
Project("{FAE04EC0-301F-11D3-BF4B-00C04F79EFBC}") = "AzureConsoleApp", "AzureConsoleApp\AzureConsoleApp.csproj", "{90DF2581-3A09-4DDE-AF06-8F4CE6044108}"
EndProject
Global
	GlobalSection(SolutionConfigurationPlatforms) = preSolution
		Debug|Any CPU = Debug|Any CPU
		Release|Any CPU = Release|Any CPU
	EndGlobalSection
	GlobalSection(ProjectConfigurationPlatforms) = postSolution
		{90DF2581-3A09-4DDE-AF06-8F4CE6044108}.Debug|Any CPU.ActiveCfg = Debug|Any CPU
		{90DF2581-3A09-4DDE-AF06-8F4CE6044108}.Debug|Any CPU.Build.0 = Debug|Any CPU
		{90DF2581-3A09-4DDE-AF06-8F4CE6044108}.Release|Any CPU.ActiveCfg = Release|Any CPU
		{90DF2581-3A09-4DDE-AF06-8F4CE6044108}.Release|Any CPU.Build.0 = Release|Any CPU
	EndGlobalSection
	GlobalSection(SolutionProperties) = preSolution
		HideSolutionNode = FALSE
	EndGlobalSection
	GlobalSection(ExtensibilityGlobals) = postSolution
		SolutionGuid = {4825A3B0-E362-4479-99BC-761A152490B1}
	EndGlobalSection
EndGlobal
